
Microsoft Visual Studio Solution File, Format Version 12.00
# Visual Studio Version 16
VisualStudioVersion = 16.0.30621.155
MinimumVisualStudioVersion = 10.0.40219.1
Project("{888888A0-9F3D-457C-B088-3A5042F75D52}") = "wiki", "wiki\wiki.pyproj", "{DAF3CE1D-685C-49C3-B59D-C91675B14D00}"
EndProject
Global
	GlobalSection(SolutionConfigurationPlatforms) = preSolution
		Debug|Any CPU = Debug|Any CPU
		Release|Any CPU = Release|Any CPU
	EndGlobalSection
	GlobalSection(ProjectConfigurationPlatforms) = postSolution
		{DAF3CE1D-685C-49C3-B59D-C91675B14D00}.Debug|Any CPU.ActiveCfg = Debug|Any CPU
		{DAF3CE1D-685C-49C3-B59D-C91675B14D00}.Debug|Any CPU.Build.0 = Debug|Any CPU
		{DAF3CE1D-685C-49C3-B59D-C91675B14D00}.Release|Any CPU.ActiveCfg = Release|Any CPU
		{DAF3CE1D-685C-49C3-B59D-C91675B14D00}.Release|Any CPU.Build.0 = Release|Any CPU
	EndGlobalSection
	GlobalSection(SolutionProperties) = preSolution
		HideSolutionNode = FALSE
	EndGlobalSection
	GlobalSection(ExtensibilityGlobals) = postSolution
		SolutionGuid = {B5D97830-CBDF-4A59-AAF3-0A8C424BED7F}
	EndGlobalSection
EndGlobal
